
Microsoft Visual Studio Solution File, Format Version 12.00
# Visual Studio Version 17
VisualStudioVersion = 17.1.32228.430
MinimumVisualStudioVersion = 10.0.40219.1
Project("{FAE04EC0-301F-11D3-BF4B-00C04F79EFBC}") = "AndreAirLines", "AndreAirLines\AndreAirLines.csproj", "{4488E456-B158-4A8F-BCE1-569132A5EA88}"
EndProject
Project("{FAE04EC0-301F-11D3-BF4B-00C04F79EFBC}") = "AndreAirLines.Data", "AndreAirLines.Data\AndreAirLines.Data.csproj", "{9D5D77E3-B5C5-41B2-B423-991C8ABBEC4A}"
EndProject
Project("{FAE04EC0-301F-11D3-BF4B-00C04F79EFBC}") = "AndreAirLines.Model", "AndreAirLines.Model\AndreAirLines.Model.csproj", "{BE9CE13A-B94A-4AA8-9250-5C55DD2D963E}"
EndProject
Project("{FAE04EC0-301F-11D3-BF4B-00C04F79EFBC}") = "AndreAirLines.File", "AndreAirLines.File\AndreAirLines.File.csproj", "{175F45C6-8962-4162-AB17-65124EFF5D65}"
EndProject
Global
	GlobalSection(SolutionConfigurationPlatforms) = preSolution
		Debug|Any CPU = Debug|Any CPU
		Release|Any CPU = Release|Any CPU
	EndGlobalSection
	GlobalSection(ProjectConfigurationPlatforms) = postSolution
		{4488E456-B158-4A8F-BCE1-569132A5EA88}.Debug|Any CPU.ActiveCfg = Debug|Any CPU
		{4488E456-B158-4A8F-BCE1-569132A5EA88}.Debug|Any CPU.Build.0 = Debug|Any CPU
		{4488E456-B158-4A8F-BCE1-569132A5EA88}.Release|Any CPU.ActiveCfg = Release|Any CPU
		{4488E456-B158-4A8F-BCE1-569132A5EA88}.Release|Any CPU.Build.0 = Release|Any CPU
		{9D5D77E3-B5C5-41B2-B423-991C8ABBEC4A}.Debug|Any CPU.ActiveCfg = Debug|Any CPU
		{9D5D77E3-B5C5-41B2-B423-991C8ABBEC4A}.Debug|Any CPU.Build.0 = Debug|Any CPU
		{9D5D77E3-B5C5-41B2-B423-991C8ABBEC4A}.Release|Any CPU.ActiveCfg = Release|Any CPU
		{9D5D77E3-B5C5-41B2-B423-991C8ABBEC4A}.Release|Any CPU.Build.0 = Release|Any CPU
		{BE9CE13A-B94A-4AA8-9250-5C55DD2D963E}.Debug|Any CPU.ActiveCfg = Debug|Any CPU
		{BE9CE13A-B94A-4AA8-9250-5C55DD2D963E}.Debug|Any CPU.Build.0 = Debug|Any CPU
		{BE9CE13A-B94A-4AA8-9250-5C55DD2D963E}.Release|Any CPU.ActiveCfg = Release|Any CPU
		{BE9CE13A-B94A-4AA8-9250-5C55DD2D963E}.Release|Any CPU.Build.0 = Release|Any CPU
		{175F45C6-8962-4162-AB17-65124EFF5D65}.Debug|Any CPU.ActiveCfg = Debug|Any CPU
		{175F45C6-8962-4162-AB17-65124EFF5D65}.Debug|Any CPU.Build.0 = Debug|Any CPU
		{175F45C6-8962-4162-AB17-65124EFF5D65}.Release|Any CPU.ActiveCfg = Release|Any CPU
		{175F45C6-8962-4162-AB17-65124EFF5D65}.Release|Any CPU.Build.0 = Release|Any CPU
	EndGlobalSection
	GlobalSection(SolutionProperties) = preSolution
		HideSolutionNode = FALSE
	EndGlobalSection
	GlobalSection(ExtensibilityGlobals) = postSolution
		SolutionGuid = {3C3221B8-2ECC-4F4E-A69B-D0F73500B6C1}
	EndGlobalSection
EndGlobal
